
Microsoft Visual Studio Solution File, Format Version 12.00
# Visual Studio 14
VisualStudioVersion = 14.0.25420.1
MinimumVisualStudioVersion = 10.0.40219.1
Project("{FAE04EC0-301F-11D3-BF4B-00C04F79EFBC}") = "lojaInfoT1Noite", "lojaInfoT1Noite\lojaInfoT1Noite.csproj", "{1ADBC592-1258-4D95-B293-F6AF734BF6BC}"
EndProject
Project("{FAE04EC0-301F-11D3-BF4B-00C04F79EFBC}") = "info.DAL", "info.DAL\info.DAL.csproj", "{4392DD01-9439-4F05-BD58-E31593B4D57D}"
EndProject
Global
	GlobalSection(SolutionConfigurationPlatforms) = preSolution
		Debug|Any CPU = Debug|Any CPU
		Release|Any CPU = Release|Any CPU
	EndGlobalSection
	GlobalSection(ProjectConfigurationPlatforms) = postSolution
		{1ADBC592-1258-4D95-B293-F6AF734BF6BC}.Debug|Any CPU.ActiveCfg = Debug|Any CPU
		{1ADBC592-1258-4D95-B293-F6AF734BF6BC}.Debug|Any CPU.Build.0 = Debug|Any CPU
		{1ADBC592-1258-4D95-B293-F6AF734BF6BC}.Release|Any CPU.ActiveCfg = Release|Any CPU
		{1ADBC592-1258-4D95-B293-F6AF734BF6BC}.Release|Any CPU.Build.0 = Release|Any CPU
		{4392DD01-9439-4F05-BD58-E31593B4D57D}.Debug|Any CPU.ActiveCfg = Debug|Any CPU
		{4392DD01-9439-4F05-BD58-E31593B4D57D}.Debug|Any CPU.Build.0 = Debug|Any CPU
		{4392DD01-9439-4F05-BD58-E31593B4D57D}.Release|Any CPU.ActiveCfg = Release|Any CPU
		{4392DD01-9439-4F05-BD58-E31593B4D57D}.Release|Any CPU.Build.0 = Release|Any CPU
	EndGlobalSection
	GlobalSection(SolutionProperties) = preSolution
		HideSolutionNode = FALSE
	EndGlobalSection
EndGlobal
